
Microsoft Visual Studio Solution File, Format Version 12.00
# Visual Studio Version 17
VisualStudioVersion = 17.5.002.0
MinimumVisualStudioVersion = 10.0.40219.1
Project("{9A19103F-16F7-4668-BE54-9A1E7A4F7556}") = "mj-aula-12", "mj-aula-12.csproj", "{7F1448A4-B0AE-4392-9C50-6FD710A195CB}"
EndProject
Global
	GlobalSection(SolutionConfigurationPlatforms) = preSolution
		Debug|Any CPU = Debug|Any CPU
		Release|Any CPU = Release|Any CPU
	EndGlobalSection
	GlobalSection(ProjectConfigurationPlatforms) = postSolution
		{7F1448A4-B0AE-4392-9C50-6FD710A195CB}.Debug|Any CPU.ActiveCfg = Debug|Any CPU
		{7F1448A4-B0AE-4392-9C50-6FD710A195CB}.Debug|Any CPU.Build.0 = Debug|Any CPU
		{7F1448A4-B0AE-4392-9C50-6FD710A195CB}.Release|Any CPU.ActiveCfg = Release|Any CPU
		{7F1448A4-B0AE-4392-9C50-6FD710A195CB}.Release|Any CPU.Build.0 = Release|Any CPU
	EndGlobalSection
	GlobalSection(SolutionProperties) = preSolution
		HideSolutionNode = FALSE
	EndGlobalSection
	GlobalSection(ExtensibilityGlobals) = postSolution
		SolutionGuid = {5D2208D0-3FE8-4BE4-8FD5-470FBD197A1C}
	EndGlobalSection
EndGlobal
