
Microsoft Visual Studio Solution File, Format Version 12.00
Project("{FAE04EC0-301F-11D3-BF4B-00C04F79EFBC}") = "WebApplication1", "WebApplication1\WebApplication1.csproj", "{01203771-41C2-442A-A162-6037946026AA}"
EndProject
Global
	GlobalSection(SolutionConfigurationPlatforms) = preSolution
		Debug|Any CPU = Debug|Any CPU
		Release|Any CPU = Release|Any CPU
	EndGlobalSection
	GlobalSection(ProjectConfigurationPlatforms) = postSolution
		{01203771-41C2-442A-A162-6037946026AA}.Debug|Any CPU.ActiveCfg = Debug|Any CPU
		{01203771-41C2-442A-A162-6037946026AA}.Debug|Any CPU.Build.0 = Debug|Any CPU
		{01203771-41C2-442A-A162-6037946026AA}.Release|Any CPU.ActiveCfg = Release|Any CPU
		{01203771-41C2-442A-A162-6037946026AA}.Release|Any CPU.Build.0 = Release|Any CPU
	EndGlobalSection
EndGlobal
